schema: '2.0'
stages:
  data_ingestion:
    cmd: python3 src/cccClassifier/pipeline/stage_01_data_ingestion.py
    deps:
    - path: config/config.yaml
      hash: md5
      md5: d2b8ac9d3102f0c4883b24d2e5afec74
      size: 567
    - path: src/cccClassifier/pipeline/stage_01_data_ingestion.py
      hash: md5
      md5: 9583c70b68cbe94e9f458a61454c7427
      size: 882
    outs:
    - path: artifacts/data_ingestion/Chest-CT-Scan-data
      hash: md5
      md5: 904fa45d934ce879b3b1933dca6cb2f1.dir
      size: 49247431
      nfiles: 343
  prepare_base_model:
    cmd: python3 src/cccClassifier/pipeline/stage_02_prepare_base_model.py
    deps:
    - path: config/config.yaml
      hash: md5
      md5: d2b8ac9d3102f0c4883b24d2e5afec74
      size: 567
    - path: src/cccClassifier/pipeline/stage_02_prepare_base_model.py
      hash: md5
      md5: 4704b5e0e283c8e0e51251b16bbb5599
      size: 966
    params:
      params.yaml:
        CLASSES: 2
        IMAGE_SIZE:
        - 224
        - 224
        - 3
        INCLUDE_TOP: false
        LEARNING_RATE: 0.0001
        WEIGHTS: imagenet
    outs:
    - path: artifacts/prepare_base_model
      hash: md5
      md5: 9ffcf2207d4d03c613ff922d4c0d3c9c.dir
      size: 169250352
      nfiles: 2
  training:
    cmd: python3 src/cccClassifier/pipeline/stage_03_model_trainer.py
    deps:
    - path: artifacts/data_ingestion/Chest-CT-Scan-data
      hash: md5
      md5: 904fa45d934ce879b3b1933dca6cb2f1.dir
      size: 49247431
      nfiles: 343
    - path: artifacts/prepare_base_model
      hash: md5
      md5: 9ffcf2207d4d03c613ff922d4c0d3c9c.dir
      size: 169250352
      nfiles: 2
    - path: config/config.yaml
      hash: md5
      md5: d2b8ac9d3102f0c4883b24d2e5afec74
      size: 567
    - path: src/cccClassifier/pipeline/stage_03_model_trainer.py
      hash: md5
      md5: 51274869adc5bddaac886c556e3ed8a7
      size: 1961
    params:
      params.yaml:
        AUGMENTATION: true
        BATCH_SIZE: 32
        EPOCHS: 2
        IMAGE_SIZE:
        - 224
        - 224
        - 3
    outs:
    - path: artifacts/training/model.h5
      hash: md5
      md5: f7383adab87c2f366f69e3e19ef4e352
      size: 213112200
  evaluation:
    cmd: python3 src/cccClassifier/pipeline/stage_04_model_evaluation.py
    deps:
    - path: artifacts/data_ingestion/Chest-CT-Scan-data
      hash: md5
      md5: 904fa45d934ce879b3b1933dca6cb2f1.dir
      size: 49247431
      nfiles: 343
    - path: artifacts/training/model.h5
      hash: md5
      md5: f7383adab87c2f366f69e3e19ef4e352
      size: 213112200
    - path: config/config.yaml
      hash: md5
      md5: d2b8ac9d3102f0c4883b24d2e5afec74
      size: 567
    - path: src/cccClassifier/pipeline/stage_04_model_evaluation.py
      hash: md5
      md5: 2a6f3476e32d6d68c8633ee0a14caf64
      size: 902
    params:
      params.yaml:
        BATCH_SIZE: 32
        IMAGE_SIZE:
        - 224
        - 224
        - 3
    outs:
    - path: scores.json
      hash: md5
      md5: 7cafe150dc603d70cd95f4807cf6f02f
      size: 70
